
Microsoft Visual Studio Solution File, Format Version 12.00
# Visual Studio Version 17
VisualStudioVersion = 17.2.32602.215
MinimumVisualStudioVersion = 10.0.40219.1
Project("{9A19103F-16F7-4668-BE54-9A1E7A4F7556}") = "dotnetPetShopProj", "dotnetPetShopProj\dotnetPetShopProj.csproj", "{40A61640-22D6-4482-B031-C1413518362B}"
EndProject
Project("{FAE04EC0-301F-11D3-BF4B-00C04F79EFBC}") = "PetShopTests", "PetShopTests\PetShopTests.csproj", "{0B55FB4C-2EFC-4142-8B1B-AAC814359C49}"
EndProject
Global
	GlobalSection(SolutionConfigurationPlatforms) = preSolution
		Debug|Any CPU = Debug|Any CPU
		Release|Any CPU = Release|Any CPU
	EndGlobalSection
	GlobalSection(ProjectConfigurationPlatforms) = postSolution
		{40A61640-22D6-4482-B031-C1413518362B}.Debug|Any CPU.ActiveCfg = Debug|Any CPU
		{40A61640-22D6-4482-B031-C1413518362B}.Debug|Any CPU.Build.0 = Debug|Any CPU
		{40A61640-22D6-4482-B031-C1413518362B}.Release|Any CPU.ActiveCfg = Release|Any CPU
		{40A61640-22D6-4482-B031-C1413518362B}.Release|Any CPU.Build.0 = Release|Any CPU
		{0B55FB4C-2EFC-4142-8B1B-AAC814359C49}.Debug|Any CPU.ActiveCfg = Debug|Any CPU
		{0B55FB4C-2EFC-4142-8B1B-AAC814359C49}.Debug|Any CPU.Build.0 = Debug|Any CPU
		{0B55FB4C-2EFC-4142-8B1B-AAC814359C49}.Release|Any CPU.ActiveCfg = Release|Any CPU
		{0B55FB4C-2EFC-4142-8B1B-AAC814359C49}.Release|Any CPU.Build.0 = Release|Any CPU
	EndGlobalSection
	GlobalSection(SolutionProperties) = preSolution
		HideSolutionNode = FALSE
	EndGlobalSection
	GlobalSection(ExtensibilityGlobals) = postSolution
		SolutionGuid = {1057F64E-A192-49AD-AA6B-A5FDB2E95C68}
	EndGlobalSection
EndGlobal
